
Microsoft Visual Studio Solution File, Format Version 12.00
# Visual Studio Version 17
VisualStudioVersion = 17.13.35931.197
MinimumVisualStudioVersion = 10.0.40219.1
Project("{FAE04EC0-301F-11D3-BF4B-00C04F79EFBC}") = "API_Wedding-Condolence-etc  Hall Management", "API_Wedding-Condolence-etc  Hall Management.csproj", "{79CA771A-4E19-40ED-87B1-5848B7BACE9D}"
EndProject
Project("{FAE04EC0-301F-11D3-BF4B-00C04F79EFBC}") = "DataAccess", "..\DataAccess\DataAccess.csproj", "{0B29215E-7B47-412D-9906-EED285E71242}"
EndProject
Global
	GlobalSection(SolutionConfigurationPlatforms) = preSolution
		Debug|Any CPU = Debug|Any CPU
		Release|Any CPU = Release|Any CPU
	EndGlobalSection
	GlobalSection(ProjectConfigurationPlatforms) = postSolution
		{79CA771A-4E19-40ED-87B1-5848B7BACE9D}.Debug|Any CPU.ActiveCfg = Debug|Any CPU
		{79CA771A-4E19-40ED-87B1-5848B7BACE9D}.Debug|Any CPU.Build.0 = Debug|Any CPU
		{79CA771A-4E19-40ED-87B1-5848B7BACE9D}.Release|Any CPU.ActiveCfg = Release|Any CPU
		{79CA771A-4E19-40ED-87B1-5848B7BACE9D}.Release|Any CPU.Build.0 = Release|Any CPU
		{0B29215E-7B47-412D-9906-EED285E71242}.Debug|Any CPU.ActiveCfg = Debug|Any CPU
		{0B29215E-7B47-412D-9906-EED285E71242}.Debug|Any CPU.Build.0 = Debug|Any CPU
		{0B29215E-7B47-412D-9906-EED285E71242}.Release|Any CPU.ActiveCfg = Release|Any CPU
		{0B29215E-7B47-412D-9906-EED285E71242}.Release|Any CPU.Build.0 = Release|Any CPU
	EndGlobalSection
	GlobalSection(SolutionProperties) = preSolution
		HideSolutionNode = FALSE
	EndGlobalSection
	GlobalSection(ExtensibilityGlobals) = postSolution
		SolutionGuid = {42BB0318-0089-47FC-9759-2425CD63F8D2}
	EndGlobalSection
EndGlobal
